
Microsoft Visual Studio Solution File, Format Version 12.00
# Visual Studio Version 17
VisualStudioVersion = 17.6.33829.357
MinimumVisualStudioVersion = 10.0.40219.1
Project("{FAE04EC0-301F-11D3-BF4B-00C04F79EFBC}") = "garage_webApi", "garage_webApi\garage_webApi.csproj", "{F663B141-7957-4A71-AA29-0C1E16EB2C59}"
EndProject
Project("{FAE04EC0-301F-11D3-BF4B-00C04F79EFBC}") = "mvcProject", "mvcProject\mvcProject.csproj", "{42C24342-85DE-4A8E-B573-C9333293874E}"
EndProject
Global
	GlobalSection(SolutionConfigurationPlatforms) = preSolution
		Debug|Any CPU = Debug|Any CPU
		Release|Any CPU = Release|Any CPU
	EndGlobalSection
	GlobalSection(ProjectConfigurationPlatforms) = postSolution
		{F663B141-7957-4A71-AA29-0C1E16EB2C59}.Debug|Any CPU.ActiveCfg = Debug|Any CPU
		{F663B141-7957-4A71-AA29-0C1E16EB2C59}.Debug|Any CPU.Build.0 = Debug|Any CPU
		{F663B141-7957-4A71-AA29-0C1E16EB2C59}.Release|Any CPU.ActiveCfg = Release|Any CPU
		{F663B141-7957-4A71-AA29-0C1E16EB2C59}.Release|Any CPU.Build.0 = Release|Any CPU
		{42C24342-85DE-4A8E-B573-C9333293874E}.Debug|Any CPU.ActiveCfg = Debug|Any CPU
		{42C24342-85DE-4A8E-B573-C9333293874E}.Debug|Any CPU.Build.0 = Debug|Any CPU
		{42C24342-85DE-4A8E-B573-C9333293874E}.Release|Any CPU.ActiveCfg = Release|Any CPU
		{42C24342-85DE-4A8E-B573-C9333293874E}.Release|Any CPU.Build.0 = Release|Any CPU
	EndGlobalSection
	GlobalSection(SolutionProperties) = preSolution
		HideSolutionNode = FALSE
	EndGlobalSection
	GlobalSection(ExtensibilityGlobals) = postSolution
		SolutionGuid = {E2F1E271-6111-4BBC-8214-408971DF4A11}
	EndGlobalSection
EndGlobal
