
Microsoft Visual Studio Solution File, Format Version 12.00
# Visual Studio Version 17
VisualStudioVersion = 17.6.33829.357
MinimumVisualStudioVersion = 10.0.40219.1
Project("{FAE04EC0-301F-11D3-BF4B-00C04F79EFBC}") = "uygulama_2", "uygulama_2\uygulama_2.csproj", "{058FC242-F2C2-476C-BBCA-2BEAED3BC6E7}"
EndProject
Global
	GlobalSection(SolutionConfigurationPlatforms) = preSolution
		Debug|Any CPU = Debug|Any CPU
		Release|Any CPU = Release|Any CPU
	EndGlobalSection
	GlobalSection(ProjectConfigurationPlatforms) = postSolution
		{058FC242-F2C2-476C-BBCA-2BEAED3BC6E7}.Debug|Any CPU.ActiveCfg = Debug|Any CPU
		{058FC242-F2C2-476C-BBCA-2BEAED3BC6E7}.Debug|Any CPU.Build.0 = Debug|Any CPU
		{058FC242-F2C2-476C-BBCA-2BEAED3BC6E7}.Release|Any CPU.ActiveCfg = Release|Any CPU
		{058FC242-F2C2-476C-BBCA-2BEAED3BC6E7}.Release|Any CPU.Build.0 = Release|Any CPU
	EndGlobalSection
	GlobalSection(SolutionProperties) = preSolution
		HideSolutionNode = FALSE
	EndGlobalSection
	GlobalSection(ExtensibilityGlobals) = postSolution
		SolutionGuid = {8A916C26-4B8E-43D7-A95B-25349B04EEF9}
	EndGlobalSection
EndGlobal
