
Microsoft Visual Studio Solution File, Format Version 12.00
# Visual Studio Version 17
VisualStudioVersion = 17.6.33829.357
MinimumVisualStudioVersion = 10.0.40219.1
Project("{FAE04EC0-301F-11D3-BF4B-00C04F79EFBC}") = "modelfirstproject", "modelfirstproject\modelfirstproject.csproj", "{DEA3B1BE-ABF5-4A25-A2CA-EAC3D59A11CA}"
EndProject
Global
	GlobalSection(SolutionConfigurationPlatforms) = preSolution
		Debug|Any CPU = Debug|Any CPU
		Release|Any CPU = Release|Any CPU
	EndGlobalSection
	GlobalSection(ProjectConfigurationPlatforms) = postSolution
		{DEA3B1BE-ABF5-4A25-A2CA-EAC3D59A11CA}.Debug|Any CPU.ActiveCfg = Debug|Any CPU
		{DEA3B1BE-ABF5-4A25-A2CA-EAC3D59A11CA}.Debug|Any CPU.Build.0 = Debug|Any CPU
		{DEA3B1BE-ABF5-4A25-A2CA-EAC3D59A11CA}.Release|Any CPU.ActiveCfg = Release|Any CPU
		{DEA3B1BE-ABF5-4A25-A2CA-EAC3D59A11CA}.Release|Any CPU.Build.0 = Release|Any CPU
	EndGlobalSection
	GlobalSection(SolutionProperties) = preSolution
		HideSolutionNode = FALSE
	EndGlobalSection
	GlobalSection(ExtensibilityGlobals) = postSolution
		SolutionGuid = {FF1208D6-8766-4E72-86F1-D11B596E0D51}
	EndGlobalSection
EndGlobal
