
Microsoft Visual Studio Solution File, Format Version 12.00
# Visual Studio Version 17
VisualStudioVersion = 17.6.33829.357
MinimumVisualStudioVersion = 10.0.40219.1
Project("{FAE04EC0-301F-11D3-BF4B-00C04F79EFBC}") = "uygulama_1", "uygulama_1\uygulama_1.csproj", "{FF6CE460-7060-4F5C-9DC4-17829B28D89D}"
EndProject
Global
	GlobalSection(SolutionConfigurationPlatforms) = preSolution
		Debug|Any CPU = Debug|Any CPU
		Release|Any CPU = Release|Any CPU
	EndGlobalSection
	GlobalSection(ProjectConfigurationPlatforms) = postSolution
		{FF6CE460-7060-4F5C-9DC4-17829B28D89D}.Debug|Any CPU.ActiveCfg = Debug|Any CPU
		{FF6CE460-7060-4F5C-9DC4-17829B28D89D}.Debug|Any CPU.Build.0 = Debug|Any CPU
		{FF6CE460-7060-4F5C-9DC4-17829B28D89D}.Release|Any CPU.ActiveCfg = Release|Any CPU
		{FF6CE460-7060-4F5C-9DC4-17829B28D89D}.Release|Any CPU.Build.0 = Release|Any CPU
	EndGlobalSection
	GlobalSection(SolutionProperties) = preSolution
		HideSolutionNode = FALSE
	EndGlobalSection
	GlobalSection(ExtensibilityGlobals) = postSolution
		SolutionGuid = {54BBF750-4C78-4344-ADA1-18EA5FCA65B8}
	EndGlobalSection
EndGlobal
