
Microsoft Visual Studio Solution File, Format Version 12.00
# Visual Studio Version 17
VisualStudioVersion = 17.6.33829.357
MinimumVisualStudioVersion = 10.0.40219.1
Project("{FAE04EC0-301F-11D3-BF4B-00C04F79EFBC}") = "Incelleme_1", "Incelleme_1\Incelleme_1.csproj", "{CDBA9D5A-770B-4F2E-9951-AD4204A62C0D}"
EndProject
Global
	GlobalSection(SolutionConfigurationPlatforms) = preSolution
		Debug|Any CPU = Debug|Any CPU
		Release|Any CPU = Release|Any CPU
	EndGlobalSection
	GlobalSection(ProjectConfigurationPlatforms) = postSolution
		{CDBA9D5A-770B-4F2E-9951-AD4204A62C0D}.Debug|Any CPU.ActiveCfg = Debug|Any CPU
		{CDBA9D5A-770B-4F2E-9951-AD4204A62C0D}.Debug|Any CPU.Build.0 = Debug|Any CPU
		{CDBA9D5A-770B-4F2E-9951-AD4204A62C0D}.Release|Any CPU.ActiveCfg = Release|Any CPU
		{CDBA9D5A-770B-4F2E-9951-AD4204A62C0D}.Release|Any CPU.Build.0 = Release|Any CPU
	EndGlobalSection
	GlobalSection(SolutionProperties) = preSolution
		HideSolutionNode = FALSE
	EndGlobalSection
	GlobalSection(ExtensibilityGlobals) = postSolution
		SolutionGuid = {0214D77F-8CD2-45F5-A886-09F19A691868}
	EndGlobalSection
EndGlobal
