
Microsoft Visual Studio Solution File, Format Version 12.00
# Visual Studio Version 17
VisualStudioVersion = 17.6.33829.357
MinimumVisualStudioVersion = 10.0.40219.1
Project("{FAE04EC0-301F-11D3-BF4B-00C04F79EFBC}") = "jsOrnek", "jsOrnek\jsOrnek.csproj", "{AB7FC775-8003-4208-96BD-3DA23F6C446B}"
EndProject
Global
	GlobalSection(SolutionConfigurationPlatforms) = preSolution
		Debug|Any CPU = Debug|Any CPU
		Release|Any CPU = Release|Any CPU
	EndGlobalSection
	GlobalSection(ProjectConfigurationPlatforms) = postSolution
		{AB7FC775-8003-4208-96BD-3DA23F6C446B}.Debug|Any CPU.ActiveCfg = Debug|Any CPU
		{AB7FC775-8003-4208-96BD-3DA23F6C446B}.Debug|Any CPU.Build.0 = Debug|Any CPU
		{AB7FC775-8003-4208-96BD-3DA23F6C446B}.Release|Any CPU.ActiveCfg = Release|Any CPU
		{AB7FC775-8003-4208-96BD-3DA23F6C446B}.Release|Any CPU.Build.0 = Release|Any CPU
	EndGlobalSection
	GlobalSection(SolutionProperties) = preSolution
		HideSolutionNode = FALSE
	EndGlobalSection
	GlobalSection(ExtensibilityGlobals) = postSolution
		SolutionGuid = {91C19129-3026-48ED-AA2C-26F172CC146A}
	EndGlobalSection
EndGlobal
