
Microsoft Visual Studio Solution File, Format Version 12.00
# Visual Studio Version 17
VisualStudioVersion = 17.6.33829.357
MinimumVisualStudioVersion = 10.0.40219.1
Project("{FAE04EC0-301F-11D3-BF4B-00C04F79EFBC}") = "boostrap-2", "boostrap-2\boostrap-2.csproj", "{90C9E23F-53A7-48DB-B1C5-1BED7B8B38B1}"
EndProject
Global
	GlobalSection(SolutionConfigurationPlatforms) = preSolution
		Debug|Any CPU = Debug|Any CPU
		Release|Any CPU = Release|Any CPU
	EndGlobalSection
	GlobalSection(ProjectConfigurationPlatforms) = postSolution
		{90C9E23F-53A7-48DB-B1C5-1BED7B8B38B1}.Debug|Any CPU.ActiveCfg = Debug|Any CPU
		{90C9E23F-53A7-48DB-B1C5-1BED7B8B38B1}.Debug|Any CPU.Build.0 = Debug|Any CPU
		{90C9E23F-53A7-48DB-B1C5-1BED7B8B38B1}.Release|Any CPU.ActiveCfg = Release|Any CPU
		{90C9E23F-53A7-48DB-B1C5-1BED7B8B38B1}.Release|Any CPU.Build.0 = Release|Any CPU
	EndGlobalSection
	GlobalSection(SolutionProperties) = preSolution
		HideSolutionNode = FALSE
	EndGlobalSection
	GlobalSection(ExtensibilityGlobals) = postSolution
		SolutionGuid = {D9B1137E-B4D0-407A-AB3A-CD4726428BE1}
	EndGlobalSection
EndGlobal
