
Microsoft Visual Studio Solution File, Format Version 12.00
# Visual Studio Version 17
VisualStudioVersion = 17.6.33829.357
MinimumVisualStudioVersion = 10.0.40219.1
Project("{FAE04EC0-301F-11D3-BF4B-00C04F79EFBC}") = "11.ders", "11.ders\11.ders.csproj", "{ED4FB73B-F6AB-4080-A563-D2CBB38594FD}"
EndProject
Project("{FAE04EC0-301F-11D3-BF4B-00C04F79EFBC}") = "proje_1", "proje_1\proje_1.csproj", "{67C96F00-2C6E-4841-BA67-4C825C364EEB}"
EndProject
Project("{FAE04EC0-301F-11D3-BF4B-00C04F79EFBC}") = "proje_2", "proje_2\proje_2.csproj", "{F01A584D-DE23-4DCD-B381-6A6F4B3B73E1}"
EndProject
Project("{FAE04EC0-301F-11D3-BF4B-00C04F79EFBC}") = "proje_3", "proje_3\proje_3.csproj", "{007957E2-837B-49E3-B9DD-44BBCF2A9226}"
EndProject
Project("{FAE04EC0-301F-11D3-BF4B-00C04F79EFBC}") = "proje_4", "proje_4\proje_4.csproj", "{03564162-DDF8-41BD-B7B1-7AA92AC9BE84}"
EndProject
Global
	GlobalSection(SolutionConfigurationPlatforms) = preSolution
		Debug|Any CPU = Debug|Any CPU
		Release|Any CPU = Release|Any CPU
	EndGlobalSection
	GlobalSection(ProjectConfigurationPlatforms) = postSolution
		{ED4FB73B-F6AB-4080-A563-D2CBB38594FD}.Debug|Any CPU.ActiveCfg = Debug|Any CPU
		{ED4FB73B-F6AB-4080-A563-D2CBB38594FD}.Debug|Any CPU.Build.0 = Debug|Any CPU
		{ED4FB73B-F6AB-4080-A563-D2CBB38594FD}.Release|Any CPU.ActiveCfg = Release|Any CPU
		{ED4FB73B-F6AB-4080-A563-D2CBB38594FD}.Release|Any CPU.Build.0 = Release|Any CPU
		{67C96F00-2C6E-4841-BA67-4C825C364EEB}.Debug|Any CPU.ActiveCfg = Debug|Any CPU
		{67C96F00-2C6E-4841-BA67-4C825C364EEB}.Debug|Any CPU.Build.0 = Debug|Any CPU
		{67C96F00-2C6E-4841-BA67-4C825C364EEB}.Release|Any CPU.ActiveCfg = Release|Any CPU
		{67C96F00-2C6E-4841-BA67-4C825C364EEB}.Release|Any CPU.Build.0 = Release|Any CPU
		{F01A584D-DE23-4DCD-B381-6A6F4B3B73E1}.Debug|Any CPU.ActiveCfg = Debug|Any CPU
		{F01A584D-DE23-4DCD-B381-6A6F4B3B73E1}.Debug|Any CPU.Build.0 = Debug|Any CPU
		{F01A584D-DE23-4DCD-B381-6A6F4B3B73E1}.Release|Any CPU.ActiveCfg = Release|Any CPU
		{F01A584D-DE23-4DCD-B381-6A6F4B3B73E1}.Release|Any CPU.Build.0 = Release|Any CPU
		{007957E2-837B-49E3-B9DD-44BBCF2A9226}.Debug|Any CPU.ActiveCfg = Debug|Any CPU
		{007957E2-837B-49E3-B9DD-44BBCF2A9226}.Debug|Any CPU.Build.0 = Debug|Any CPU
		{007957E2-837B-49E3-B9DD-44BBCF2A9226}.Release|Any CPU.ActiveCfg = Release|Any CPU
		{007957E2-837B-49E3-B9DD-44BBCF2A9226}.Release|Any CPU.Build.0 = Release|Any CPU
		{03564162-DDF8-41BD-B7B1-7AA92AC9BE84}.Debug|Any CPU.ActiveCfg = Debug|Any CPU
		{03564162-DDF8-41BD-B7B1-7AA92AC9BE84}.Debug|Any CPU.Build.0 = Debug|Any CPU
		{03564162-DDF8-41BD-B7B1-7AA92AC9BE84}.Release|Any CPU.ActiveCfg = Release|Any CPU
		{03564162-DDF8-41BD-B7B1-7AA92AC9BE84}.Release|Any CPU.Build.0 = Release|Any CPU
	EndGlobalSection
	GlobalSection(SolutionProperties) = preSolution
		HideSolutionNode = FALSE
	EndGlobalSection
	GlobalSection(ExtensibilityGlobals) = postSolution
		SolutionGuid = {AB2C3CE3-0DE9-45B2-AEAA-C0135F035373}
	EndGlobalSection
EndGlobal
