
Microsoft Visual Studio Solution File, Format Version 12.00
# Visual Studio Version 17
VisualStudioVersion = 17.6.33829.357
MinimumVisualStudioVersion = 10.0.40219.1
Project("{FAE04EC0-301F-11D3-BF4B-00C04F79EFBC}") = "db_aramavegiris", "db_aramavegiris\db_aramavegiris.csproj", "{3D317560-A292-4AA3-AC26-6EE29112A4C4}"
EndProject
Global
	GlobalSection(SolutionConfigurationPlatforms) = preSolution
		Debug|Any CPU = Debug|Any CPU
		Release|Any CPU = Release|Any CPU
	EndGlobalSection
	GlobalSection(ProjectConfigurationPlatforms) = postSolution
		{3D317560-A292-4AA3-AC26-6EE29112A4C4}.Debug|Any CPU.ActiveCfg = Debug|Any CPU
		{3D317560-A292-4AA3-AC26-6EE29112A4C4}.Debug|Any CPU.Build.0 = Debug|Any CPU
		{3D317560-A292-4AA3-AC26-6EE29112A4C4}.Release|Any CPU.ActiveCfg = Release|Any CPU
		{3D317560-A292-4AA3-AC26-6EE29112A4C4}.Release|Any CPU.Build.0 = Release|Any CPU
	EndGlobalSection
	GlobalSection(SolutionProperties) = preSolution
		HideSolutionNode = FALSE
	EndGlobalSection
	GlobalSection(ExtensibilityGlobals) = postSolution
		SolutionGuid = {2F096D54-A8ED-416C-AB54-F8CD000247B7}
	EndGlobalSection
EndGlobal
