
Microsoft Visual Studio Solution File, Format Version 12.00
# Visual Studio Version 17
VisualStudioVersion = 17.6.33829.357
MinimumVisualStudioVersion = 10.0.40219.1
Project("{FAE04EC0-301F-11D3-BF4B-00C04F79EFBC}") = "Project_1", "Project_1\Project_1.csproj", "{ECA95B1B-57FF-4657-ABEE-445240D964E2}"
EndProject
Global
	GlobalSection(SolutionConfigurationPlatforms) = preSolution
		Debug|Any CPU = Debug|Any CPU
		Release|Any CPU = Release|Any CPU
	EndGlobalSection
	GlobalSection(ProjectConfigurationPlatforms) = postSolution
		{ECA95B1B-57FF-4657-ABEE-445240D964E2}.Debug|Any CPU.ActiveCfg = Debug|Any CPU
		{ECA95B1B-57FF-4657-ABEE-445240D964E2}.Debug|Any CPU.Build.0 = Debug|Any CPU
		{ECA95B1B-57FF-4657-ABEE-445240D964E2}.Release|Any CPU.ActiveCfg = Release|Any CPU
		{ECA95B1B-57FF-4657-ABEE-445240D964E2}.Release|Any CPU.Build.0 = Release|Any CPU
	EndGlobalSection
	GlobalSection(SolutionProperties) = preSolution
		HideSolutionNode = FALSE
	EndGlobalSection
	GlobalSection(ExtensibilityGlobals) = postSolution
		SolutionGuid = {0F9FC4D3-BDD1-4179-A229-1A66EF042CDB}
	EndGlobalSection
EndGlobal
