
Microsoft Visual Studio Solution File, Format Version 12.00
# Visual Studio Version 17
VisualStudioVersion = 17.6.33829.357
MinimumVisualStudioVersion = 10.0.40219.1
Project("{FAE04EC0-301F-11D3-BF4B-00C04F79EFBC}") = "mvcDapperProject", "mvcDapperProject\mvcDapperProject.csproj", "{AAF846BB-DED9-4449-B624-0B15000E4D16}"
EndProject
Global
	GlobalSection(SolutionConfigurationPlatforms) = preSolution
		Debug|Any CPU = Debug|Any CPU
		Release|Any CPU = Release|Any CPU
	EndGlobalSection
	GlobalSection(ProjectConfigurationPlatforms) = postSolution
		{AAF846BB-DED9-4449-B624-0B15000E4D16}.Debug|Any CPU.ActiveCfg = Debug|Any CPU
		{AAF846BB-DED9-4449-B624-0B15000E4D16}.Debug|Any CPU.Build.0 = Debug|Any CPU
		{AAF846BB-DED9-4449-B624-0B15000E4D16}.Release|Any CPU.ActiveCfg = Release|Any CPU
		{AAF846BB-DED9-4449-B624-0B15000E4D16}.Release|Any CPU.Build.0 = Release|Any CPU
	EndGlobalSection
	GlobalSection(SolutionProperties) = preSolution
		HideSolutionNode = FALSE
	EndGlobalSection
	GlobalSection(ExtensibilityGlobals) = postSolution
		SolutionGuid = {453CEB9F-DF62-4474-9DC2-63F92273B8B8}
	EndGlobalSection
EndGlobal
