
Microsoft Visual Studio Solution File, Format Version 12.00
# Visual Studio Version 17
VisualStudioVersion = 17.6.33829.357
MinimumVisualStudioVersion = 10.0.40219.1
Project("{FAE04EC0-301F-11D3-BF4B-00C04F79EFBC}") = "proje 1", "proje 1\proje 1.csproj", "{472CBD46-5D72-49C7-AB51-68DFAACD528B}"
EndProject
Global
	GlobalSection(SolutionConfigurationPlatforms) = preSolution
		Debug|Any CPU = Debug|Any CPU
		Release|Any CPU = Release|Any CPU
	EndGlobalSection
	GlobalSection(ProjectConfigurationPlatforms) = postSolution
		{472CBD46-5D72-49C7-AB51-68DFAACD528B}.Debug|Any CPU.ActiveCfg = Debug|Any CPU
		{472CBD46-5D72-49C7-AB51-68DFAACD528B}.Debug|Any CPU.Build.0 = Debug|Any CPU
		{472CBD46-5D72-49C7-AB51-68DFAACD528B}.Release|Any CPU.ActiveCfg = Release|Any CPU
		{472CBD46-5D72-49C7-AB51-68DFAACD528B}.Release|Any CPU.Build.0 = Release|Any CPU
	EndGlobalSection
	GlobalSection(SolutionProperties) = preSolution
		HideSolutionNode = FALSE
	EndGlobalSection
	GlobalSection(ExtensibilityGlobals) = postSolution
		SolutionGuid = {7876E2A6-E2E5-4EFC-82F5-EAF1931D410F}
	EndGlobalSection
EndGlobal
