
Microsoft Visual Studio Solution File, Format Version 12.00
# Visual Studio Version 17
VisualStudioVersion = 17.6.33829.357
MinimumVisualStudioVersion = 10.0.40219.1
Project("{FAE04EC0-301F-11D3-BF4B-00C04F79EFBC}") = "farmProject", "farmProject\farmProject.csproj", "{2DC0B5EF-71D3-4DAB-9A4B-ECAF2B647BD2}"
EndProject
Project("{FAE04EC0-301F-11D3-BF4B-00C04F79EFBC}") = "DAL", "DAL\DAL.csproj", "{5FBD9582-BAA4-45F7-B65C-1E1F575D31EB}"
EndProject
Project("{FAE04EC0-301F-11D3-BF4B-00C04F79EFBC}") = "BL", "BL\BL.csproj", "{96134462-5297-4AE7-BDED-0606C8705F28}"
EndProject
Global
	GlobalSection(SolutionConfigurationPlatforms) = preSolution
		Debug|Any CPU = Debug|Any CPU
		Release|Any CPU = Release|Any CPU
	EndGlobalSection
	GlobalSection(ProjectConfigurationPlatforms) = postSolution
		{2DC0B5EF-71D3-4DAB-9A4B-ECAF2B647BD2}.Debug|Any CPU.ActiveCfg = Debug|Any CPU
		{2DC0B5EF-71D3-4DAB-9A4B-ECAF2B647BD2}.Debug|Any CPU.Build.0 = Debug|Any CPU
		{2DC0B5EF-71D3-4DAB-9A4B-ECAF2B647BD2}.Release|Any CPU.ActiveCfg = Release|Any CPU
		{2DC0B5EF-71D3-4DAB-9A4B-ECAF2B647BD2}.Release|Any CPU.Build.0 = Release|Any CPU
		{5FBD9582-BAA4-45F7-B65C-1E1F575D31EB}.Debug|Any CPU.ActiveCfg = Debug|Any CPU
		{5FBD9582-BAA4-45F7-B65C-1E1F575D31EB}.Debug|Any CPU.Build.0 = Debug|Any CPU
		{5FBD9582-BAA4-45F7-B65C-1E1F575D31EB}.Release|Any CPU.ActiveCfg = Release|Any CPU
		{5FBD9582-BAA4-45F7-B65C-1E1F575D31EB}.Release|Any CPU.Build.0 = Release|Any CPU
		{96134462-5297-4AE7-BDED-0606C8705F28}.Debug|Any CPU.ActiveCfg = Debug|Any CPU
		{96134462-5297-4AE7-BDED-0606C8705F28}.Debug|Any CPU.Build.0 = Debug|Any CPU
		{96134462-5297-4AE7-BDED-0606C8705F28}.Release|Any CPU.ActiveCfg = Release|Any CPU
		{96134462-5297-4AE7-BDED-0606C8705F28}.Release|Any CPU.Build.0 = Release|Any CPU
	EndGlobalSection
	GlobalSection(SolutionProperties) = preSolution
		HideSolutionNode = FALSE
	EndGlobalSection
	GlobalSection(ExtensibilityGlobals) = postSolution
		SolutionGuid = {8C94953B-BFF6-45F4-9C22-64F8E67D6A34}
	EndGlobalSection
EndGlobal
