
Microsoft Visual Studio Solution File, Format Version 12.00
# Visual Studio Version 17
VisualStudioVersion = 17.6.33829.357
MinimumVisualStudioVersion = 10.0.40219.1
Project("{FAE04EC0-301F-11D3-BF4B-00C04F79EFBC}") = "webmnccoreproject", "webmnccoreproject\webmnccoreproject.csproj", "{79A2B3CB-2A41-4F97-9BC1-99ADB7858B13}"
EndProject
Global
	GlobalSection(SolutionConfigurationPlatforms) = preSolution
		Debug|Any CPU = Debug|Any CPU
		Release|Any CPU = Release|Any CPU
	EndGlobalSection
	GlobalSection(ProjectConfigurationPlatforms) = postSolution
		{79A2B3CB-2A41-4F97-9BC1-99ADB7858B13}.Debug|Any CPU.ActiveCfg = Debug|Any CPU
		{79A2B3CB-2A41-4F97-9BC1-99ADB7858B13}.Debug|Any CPU.Build.0 = Debug|Any CPU
		{79A2B3CB-2A41-4F97-9BC1-99ADB7858B13}.Release|Any CPU.ActiveCfg = Release|Any CPU
		{79A2B3CB-2A41-4F97-9BC1-99ADB7858B13}.Release|Any CPU.Build.0 = Release|Any CPU
	EndGlobalSection
	GlobalSection(SolutionProperties) = preSolution
		HideSolutionNode = FALSE
	EndGlobalSection
	GlobalSection(ExtensibilityGlobals) = postSolution
		SolutionGuid = {39D65799-65FA-41E5-A716-463BCC4C1EE2}
	EndGlobalSection
EndGlobal
