
Microsoft Visual Studio Solution File, Format Version 12.00
# Visual Studio Version 17
VisualStudioVersion = 17.6.33829.357
MinimumVisualStudioVersion = 10.0.40219.1
Project("{FAE04EC0-301F-11D3-BF4B-00C04F79EFBC}") = "5.ders", "5.ders\5.ders.csproj", "{563CF352-BCD6-414D-B456-5BE0C724987A}"
EndProject
Project("{FAE04EC0-301F-11D3-BF4B-00C04F79EFBC}") = "proje_2", "proje_2\proje_2.csproj", "{57F3FE55-0F8C-4FDA-8136-3018DE25DBCC}"
EndProject
Project("{FAE04EC0-301F-11D3-BF4B-00C04F79EFBC}") = "proje_3", "proje_3\proje_3.csproj", "{61D07F0B-A4F1-4FFA-8133-C46324AB6088}"
EndProject
Project("{FAE04EC0-301F-11D3-BF4B-00C04F79EFBC}") = "proje_4", "proje_4\proje_4.csproj", "{3F3B59D2-7FE5-46AE-AD34-8A1113C6A158}"
EndProject
Project("{FAE04EC0-301F-11D3-BF4B-00C04F79EFBC}") = "proje_5", "proje_5\proje_5.csproj", "{96412149-1592-4715-917B-E5491D9E4DA8}"
EndProject
Global
	GlobalSection(SolutionConfigurationPlatforms) = preSolution
		Debug|Any CPU = Debug|Any CPU
		Release|Any CPU = Release|Any CPU
	EndGlobalSection
	GlobalSection(ProjectConfigurationPlatforms) = postSolution
		{563CF352-BCD6-414D-B456-5BE0C724987A}.Debug|Any CPU.ActiveCfg = Debug|Any CPU
		{563CF352-BCD6-414D-B456-5BE0C724987A}.Debug|Any CPU.Build.0 = Debug|Any CPU
		{563CF352-BCD6-414D-B456-5BE0C724987A}.Release|Any CPU.ActiveCfg = Release|Any CPU
		{563CF352-BCD6-414D-B456-5BE0C724987A}.Release|Any CPU.Build.0 = Release|Any CPU
		{57F3FE55-0F8C-4FDA-8136-3018DE25DBCC}.Debug|Any CPU.ActiveCfg = Debug|Any CPU
		{57F3FE55-0F8C-4FDA-8136-3018DE25DBCC}.Debug|Any CPU.Build.0 = Debug|Any CPU
		{57F3FE55-0F8C-4FDA-8136-3018DE25DBCC}.Release|Any CPU.ActiveCfg = Release|Any CPU
		{57F3FE55-0F8C-4FDA-8136-3018DE25DBCC}.Release|Any CPU.Build.0 = Release|Any CPU
		{61D07F0B-A4F1-4FFA-8133-C46324AB6088}.Debug|Any CPU.ActiveCfg = Debug|Any CPU
		{61D07F0B-A4F1-4FFA-8133-C46324AB6088}.Debug|Any CPU.Build.0 = Debug|Any CPU
		{61D07F0B-A4F1-4FFA-8133-C46324AB6088}.Release|Any CPU.ActiveCfg = Release|Any CPU
		{61D07F0B-A4F1-4FFA-8133-C46324AB6088}.Release|Any CPU.Build.0 = Release|Any CPU
		{3F3B59D2-7FE5-46AE-AD34-8A1113C6A158}.Debug|Any CPU.ActiveCfg = Debug|Any CPU
		{3F3B59D2-7FE5-46AE-AD34-8A1113C6A158}.Debug|Any CPU.Build.0 = Debug|Any CPU
		{3F3B59D2-7FE5-46AE-AD34-8A1113C6A158}.Release|Any CPU.ActiveCfg = Release|Any CPU
		{3F3B59D2-7FE5-46AE-AD34-8A1113C6A158}.Release|Any CPU.Build.0 = Release|Any CPU
		{96412149-1592-4715-917B-E5491D9E4DA8}.Debug|Any CPU.ActiveCfg = Debug|Any CPU
		{96412149-1592-4715-917B-E5491D9E4DA8}.Debug|Any CPU.Build.0 = Debug|Any CPU
		{96412149-1592-4715-917B-E5491D9E4DA8}.Release|Any CPU.ActiveCfg = Release|Any CPU
		{96412149-1592-4715-917B-E5491D9E4DA8}.Release|Any CPU.Build.0 = Release|Any CPU
	EndGlobalSection
	GlobalSection(SolutionProperties) = preSolution
		HideSolutionNode = FALSE
	EndGlobalSection
	GlobalSection(ExtensibilityGlobals) = postSolution
		SolutionGuid = {DE601B97-5929-4E5F-A213-156D5F642239}
	EndGlobalSection
EndGlobal
